
Microsoft Visual Studio Solution File, Format Version 12.00
# Visual Studio Version 17
VisualStudioVersion = 17.0.31903.59
MinimumVisualStudioVersion = 10.0.40219.1
Project("{FAE04EC0-301F-11D3-BF4B-00C04F79EFBC}") = "catalogoProductos.Api", "catalogoProductos.Api\catalogoProductos.Api.csproj", "{BBD3ABDA-B109-4B30-8D78-739D6C24615B}"
EndProject
Project("{FAE04EC0-301F-11D3-BF4B-00C04F79EFBC}") = "catalogoProductos.Application", "catalogoProductos.Application\catalogoProductos.Application.csproj", "{A9271C1D-B4BC-415F-9876-565D2D57400D}"
EndProject
Project("{FAE04EC0-301F-11D3-BF4B-00C04F79EFBC}") = "catalogoProductos.Domain", "catalogoProductos.Domain\catalogoProductos.Domain.csproj", "{F700177B-BD18-4382-8CDC-0D8AC0703735}"
EndProject
Project("{FAE04EC0-301F-11D3-BF4B-00C04F79EFBC}") = "catalogoProductos.Infrastructure", "catalogoProductos.Infrastructure\catalogoProductos.Infrastructure.csproj", "{E493B28A-0E9E-411B-9EA3-C6EA834D346D}"
EndProject
Project("{2150E333-8FDC-42A3-9474-1A3956D46DE8}") = "Solution Items", "Solution Items", "{47009337-0C8C-4BD2-9AE8-074652C3941E}"
	ProjectSection(SolutionItems) = preProject
		compose.yaml = compose.yaml
		Dockerfile = Dockerfile
		.dockerignore = .dockerignore
	EndProjectSection
EndProject
Global
	GlobalSection(SolutionConfigurationPlatforms) = preSolution
		Debug|Any CPU = Debug|Any CPU
		Release|Any CPU = Release|Any CPU
	EndGlobalSection
	GlobalSection(SolutionProperties) = preSolution
		HideSolutionNode = FALSE
	EndGlobalSection
	GlobalSection(ProjectConfigurationPlatforms) = postSolution
		{BBD3ABDA-B109-4B30-8D78-739D6C24615B}.Debug|Any CPU.ActiveCfg = Debug|Any CPU
		{BBD3ABDA-B109-4B30-8D78-739D6C24615B}.Debug|Any CPU.Build.0 = Debug|Any CPU
		{BBD3ABDA-B109-4B30-8D78-739D6C24615B}.Release|Any CPU.ActiveCfg = Release|Any CPU
		{BBD3ABDA-B109-4B30-8D78-739D6C24615B}.Release|Any CPU.Build.0 = Release|Any CPU
		{A9271C1D-B4BC-415F-9876-565D2D57400D}.Debug|Any CPU.ActiveCfg = Debug|Any CPU
		{A9271C1D-B4BC-415F-9876-565D2D57400D}.Debug|Any CPU.Build.0 = Debug|Any CPU
		{A9271C1D-B4BC-415F-9876-565D2D57400D}.Release|Any CPU.ActiveCfg = Release|Any CPU
		{A9271C1D-B4BC-415F-9876-565D2D57400D}.Release|Any CPU.Build.0 = Release|Any CPU
		{F700177B-BD18-4382-8CDC-0D8AC0703735}.Debug|Any CPU.ActiveCfg = Debug|Any CPU
		{F700177B-BD18-4382-8CDC-0D8AC0703735}.Debug|Any CPU.Build.0 = Debug|Any CPU
		{F700177B-BD18-4382-8CDC-0D8AC0703735}.Release|Any CPU.ActiveCfg = Release|Any CPU
		{F700177B-BD18-4382-8CDC-0D8AC0703735}.Release|Any CPU.Build.0 = Release|Any CPU
		{E493B28A-0E9E-411B-9EA3-C6EA834D346D}.Debug|Any CPU.ActiveCfg = Debug|Any CPU
		{E493B28A-0E9E-411B-9EA3-C6EA834D346D}.Debug|Any CPU.Build.0 = Debug|Any CPU
		{E493B28A-0E9E-411B-9EA3-C6EA834D346D}.Release|Any CPU.ActiveCfg = Release|Any CPU
		{E493B28A-0E9E-411B-9EA3-C6EA834D346D}.Release|Any CPU.Build.0 = Release|Any CPU
	EndGlobalSection
EndGlobal
